<?xml version="1.0" encoding="utf-8"?>
<Project ToolsVersion="4.0" xmlns="http://schemas.microsoft.com/developer/msbuild/2003">
  <ItemGroup>
    <Filter Include="Source Files">
      <UniqueIdentifier>{4FC737F1-C7A5-4376-A066-2A32D752A2FF}</UniqueIdentifier>
      <Extensions>cpp;c;cc;cxx;c++;cppm;ixx;def;odl;idl;hpj;bat;asm;asmx</Extensions>
    </Filter>
    <Filter Include="Header Files">
      <UniqueIdentifier>{93995380-89BD-4b04-88EB-625FBE52EBFB}</UniqueIdentifier>
      <Extensions>h;hh;hpp;hxx;h++;hm;inl;inc;ipp;xsd</Extensions>
    </Filter>
    <Filter Include="Resource Files">
      <UniqueIdentifier>{67DA6AB6-F800-4c08-8B7A-83BB121AAD01}</UniqueIdentifier>
      <Extensions>rc;ico;cur;bmp;dlg;rc2;rct;bin;rgs;gif;jpg;jpeg;jpe;resx;tiff;tif;png;wav;mfcribbon-ms</Extensions>
    </Filter>
    <Filter Include="Header Files\Data_Structure">
      <UniqueIdentifier>{cc3c0152-c4d5-4c13-8363-a14759c75008}</UniqueIdentifier>
    </Filter>
    <Filter Include="Source Files\Data_Structure">
      <UniqueIdentifier>{4ed0f22a-3b28-42d5-a62d-5eff650613b9}</UniqueIdentifier>
    </Filter>
    <Filter Include="Source Files\Main">
      <UniqueIdentifier>{483b179b-1aeb-4280-b337-2b8e28c046ee}</UniqueIdentifier>
    </Filter>
    <Filter Include="Source Files\User_Interface">
      <UniqueIdentifier>{9aa242f3-9204-4f1e-b668-3d8e6d4ab253}</UniqueIdentifier>
    </Filter>
    <Filter Include="Header Files\User_Interface">
      <UniqueIdentifier>{300cc10a-0bb7-46be-80bf-a9324072c23f}</UniqueIdentifier>
    </Filter>
    <Filter Include="Header Files\Error">
      <UniqueIdentifier>{665604be-ce3b-4621-95f0-e949b0cd1a5d}</UniqueIdentifier>
    </Filter>
    <Filter Include="Source Files\Error">
      <UniqueIdentifier>{dbff67a3-fb0d-44e3-bba9-512f07928ffc}</UniqueIdentifier>
    </Filter>
  </ItemGroup>
  <ItemGroup>
    <ClCompile Include="Tree.h">
      <Filter>Header Files\Data_Structure</Filter>
    </ClCompile>
    <ClCompile Include="Tree.cpp">
      <Filter>Source Files\Data_Structure</Filter>
    </ClCompile>
    <ClCompile Include="Main.cpp">
      <Filter>Source Files\Main</Filter>
    </ClCompile>
    <ClCompile Include="Interface.cpp">
      <Filter>Source Files\User_Interface</Filter>
    </ClCompile>
    <ClCompile Include="Error.cpp">
      <Filter>Source Files\Error</Filter>
    </ClCompile>
  </ItemGroup>
  <ItemGroup>
    <ClInclude Include="Interface.h">
      <Filter>Header Files\User_Interface</Filter>
    </ClInclude>
    <ClInclude Include="Error.h">
      <Filter>Header Files\Error</Filter>
    </ClInclude>
  </ItemGroup>
</Project>